
Microsoft Visual Studio Solution File, Format Version 12.00
# Visual Studio 14
VisualStudioVersion = 14.0.25420.1
MinimumVisualStudioVersion = 10.0.40219.1
Project("{2150E333-8FDC-42A3-9474-1A3956D46DE8}") = "OpenGLESApp1", "OpenGLESApp1", "{38A5DD3D-9E4B-4BA3-A318-78C112D27150}"
EndProject
Project("{39E2626F-3545-4960-A6E8-258AD8476CE5}") = "OpenGLESApp1.Android.Packaging", "OpenGLESApp1\OpenGLESApp1.Android.Packaging\OpenGLESApp1.Android.Packaging.androidproj", "{8C875214-ADAD-436B-ADC1-D787B2F6109C}"
EndProject
Project("{740547C8-F205-44CF-8284-0B59C7DD69BD}") = "OpenGLESApp1.iOS.Application", "OpenGLESApp1\OpenGLESApp1.iOS.Application\OpenGLESApp1.iOS.Application.xcodeproj\project.pbxproj", "{B37C515E-1A07-4CA0-973D-E76DB2818BAC}"
EndProject
Project("{2150E333-8FDC-42A3-9474-1A3956D46DE8}") = "Libraries", "Libraries", "{E969045A-F4D4-496E-9037-60762958C48E}"
EndProject
Project("{8BC9CEB8-8B4A-11D0-8D11-00A0C91BC942}") = "OpenGLESApp1.Shared", "OpenGLESApp1\OpenGLESApp1.Shared\OpenGLESApp1.Shared.vcxitems", "{9DE1D92D-F092-462E-B51F-4F052F9FFE23}"
EndProject
Project("{8BC9CEB8-8B4A-11D0-8D11-00A0C91BC942}") = "OpenGLESApp1.Android.NativeActivity", "OpenGLESApp1\OpenGLESApp1.Android.NativeActivity\OpenGLESApp1.Android.NativeActivity.vcxproj", "{1188FC55-A973-4BD0-AF30-046A9A6C8E6F}"
EndProject
Project("{8BC9CEB8-8B4A-11D0-8D11-00A0C91BC942}") = "OpenGLESApp1.iOS.StaticLibrary", "OpenGLESApp1\OpenGLESApp1.iOS.StaticLibrary\OpenGLESApp1.iOS.StaticLibrary.vcxproj", "{34ED316E-B329-4CCB-BC87-5F59935AC965}"
EndProject
Global
	GlobalSection(SharedMSBuildProjectFiles) = preSolution
		OpenGLESApp1\OpenGLESApp1.Shared\OpenGLESApp1.Shared.vcxitems*{1188fc55-a973-4bd0-af30-046a9a6c8e6f}*SharedItemsImports = 4
		OpenGLESApp1\OpenGLESApp1.Shared\OpenGLESApp1.Shared.vcxitems*{34ed316e-b329-4ccb-bc87-5f59935ac965}*SharedItemsImports = 4
		OpenGLESApp1\OpenGLESApp1.Shared\OpenGLESApp1.Shared.vcxitems*{9de1d92d-f092-462e-b51f-4f052f9ffe23}*SharedItemsImports = 9
	EndGlobalSection
	GlobalSection(SolutionConfigurationPlatforms) = preSolution
		Debug|ARM = Debug|ARM
		Debug|ARM64 = Debug|ARM64
		Debug|x64 = Debug|x64
		Debug|x86 = Debug|x86
		Release|ARM = Release|ARM
		Release|ARM64 = Release|ARM64
		Release|x64 = Release|x64
		Release|x86 = Release|x86
	EndGlobalSection
	GlobalSection(ProjectConfigurationPlatforms) = postSolution
		{8C875214-ADAD-436B-ADC1-D787B2F6109C}.Debug|ARM.ActiveCfg = Debug|ARM
		{8C875214-ADAD-436B-ADC1-D787B2F6109C}.Debug|ARM.Build.0 = Debug|ARM
		{8C875214-ADAD-436B-ADC1-D787B2F6109C}.Debug|ARM.Deploy.0 = Debug|ARM
		{8C875214-ADAD-436B-ADC1-D787B2F6109C}.Debug|ARM64.ActiveCfg = Debug|ARM64
		{8C875214-ADAD-436B-ADC1-D787B2F6109C}.Debug|ARM64.Build.0 = Debug|ARM64
		{8C875214-ADAD-436B-ADC1-D787B2F6109C}.Debug|ARM64.Deploy.0 = Debug|ARM64
		{8C875214-ADAD-436B-ADC1-D787B2F6109C}.Debug|x64.ActiveCfg = Debug|x64
		{8C875214-ADAD-436B-ADC1-D787B2F6109C}.Debug|x64.Build.0 = Debug|x64
		{8C875214-ADAD-436B-ADC1-D787B2F6109C}.Debug|x64.Deploy.0 = Debug|x64
		{8C875214-ADAD-436B-ADC1-D787B2F6109C}.Debug|x86.ActiveCfg = Debug|x86
		{8C875214-ADAD-436B-ADC1-D787B2F6109C}.Debug|x86.Build.0 = Debug|x86
		{8C875214-ADAD-436B-ADC1-D787B2F6109C}.Debug|x86.Deploy.0 = Debug|x86
		{8C875214-ADAD-436B-ADC1-D787B2F6109C}.Release|ARM.ActiveCfg = Release|ARM
		{8C875214-ADAD-436B-ADC1-D787B2F6109C}.Release|ARM.Build.0 = Release|ARM
		{8C875214-ADAD-436B-ADC1-D787B2F6109C}.Release|ARM.Deploy.0 = Release|ARM
		{8C875214-ADAD-436B-ADC1-D787B2F6109C}.Release|ARM64.ActiveCfg = Release|ARM64
		{8C875214-ADAD-436B-ADC1-D787B2F6109C}.Release|ARM64.Build.0 = Release|ARM64
		{8C875214-ADAD-436B-ADC1-D787B2F6109C}.Release|ARM64.Deploy.0 = Release|ARM64
		{8C875214-ADAD-436B-ADC1-D787B2F6109C}.Release|x64.ActiveCfg = Release|x64
		{8C875214-ADAD-436B-ADC1-D787B2F6109C}.Release|x64.Build.0 = Release|x64
		{8C875214-ADAD-436B-ADC1-D787B2F6109C}.Release|x64.Deploy.0 = Release|x64
		{8C875214-ADAD-436B-ADC1-D787B2F6109C}.Release|x86.ActiveCfg = Release|x86
		{8C875214-ADAD-436B-ADC1-D787B2F6109C}.Release|x86.Build.0 = Release|x86
		{8C875214-ADAD-436B-ADC1-D787B2F6109C}.Release|x86.Deploy.0 = Release|x86
		{B37C515E-1A07-4CA0-973D-E76DB2818BAC}.Debug|ARM.ActiveCfg = Debug|ARM
		{B37C515E-1A07-4CA0-973D-E76DB2818BAC}.Debug|ARM.Build.0 = Debug|ARM
		{B37C515E-1A07-4CA0-973D-E76DB2818BAC}.Debug|ARM.Deploy.0 = Debug|ARM
		{B37C515E-1A07-4CA0-973D-E76DB2818BAC}.Debug|ARM64.ActiveCfg = Debug|ARM64
		{B37C515E-1A07-4CA0-973D-E76DB2818BAC}.Debug|ARM64.Build.0 = Debug|ARM64
		{B37C515E-1A07-4CA0-973D-E76DB2818BAC}.Debug|ARM64.Deploy.0 = Debug|ARM64
		{B37C515E-1A07-4CA0-973D-E76DB2818BAC}.Debug|x64.ActiveCfg = Debug|x64
		{B37C515E-1A07-4CA0-973D-E76DB2818BAC}.Debug|x64.Build.0 = Debug|x64
		{B37C515E-1A07-4CA0-973D-E76DB2818BAC}.Debug|x64.Deploy.0 = Debug|x64
		{B37C515E-1A07-4CA0-973D-E76DB2818BAC}.Debug|x86.ActiveCfg = Debug|x86
		{B37C515E-1A07-4CA0-973D-E76DB2818BAC}.Debug|x86.Build.0 = Debug|x86
		{B37C515E-1A07-4CA0-973D-E76DB2818BAC}.Debug|x86.Deploy.0 = Debug|x86
		{B37C515E-1A07-4CA0-973D-E76DB2818BAC}.Release|ARM.ActiveCfg = Release|ARM
		{B37C515E-1A07-4CA0-973D-E76DB2818BAC}.Release|ARM.Build.0 = Release|ARM
		{B37C515E-1A07-4CA0-973D-E76DB2818BAC}.Release|ARM.Deploy.0 = Release|ARM
		{B37C515E-1A07-4CA0-973D-E76DB2818BAC}.Release|ARM64.ActiveCfg = Release|ARM64
		{B37C515E-1A07-4CA0-973D-E76DB2818BAC}.Release|ARM64.Build.0 = Release|ARM64
		{B37C515E-1A07-4CA0-973D-E76DB2818BAC}.Release|ARM64.Deploy.0 = Release|ARM64
		{B37C515E-1A07-4CA0-973D-E76DB2818BAC}.Release|x64.ActiveCfg = Release|x64
		{B37C515E-1A07-4CA0-973D-E76DB2818BAC}.Release|x64.Build.0 = Release|x64
		{B37C515E-1A07-4CA0-973D-E76DB2818BAC}.Release|x64.Deploy.0 = Release|x64
		{B37C515E-1A07-4CA0-973D-E76DB2818BAC}.Release|x86.ActiveCfg = Release|x86
		{B37C515E-1A07-4CA0-973D-E76DB2818BAC}.Release|x86.Build.0 = Release|x86
		{B37C515E-1A07-4CA0-973D-E76DB2818BAC}.Release|x86.Deploy.0 = Release|x86
		{1188FC55-A973-4BD0-AF30-046A9A6C8E6F}.Debug|ARM.ActiveCfg = Debug|ARM
		{1188FC55-A973-4BD0-AF30-046A9A6C8E6F}.Debug|ARM.Build.0 = Debug|ARM
		{1188FC55-A973-4BD0-AF30-046A9A6C8E6F}.Debug|ARM64.ActiveCfg = Debug|ARM64
		{1188FC55-A973-4BD0-AF30-046A9A6C8E6F}.Debug|ARM64.Build.0 = Debug|ARM64
		{1188FC55-A973-4BD0-AF30-046A9A6C8E6F}.Debug|x64.ActiveCfg = Debug|x64
		{1188FC55-A973-4BD0-AF30-046A9A6C8E6F}.Debug|x64.Build.0 = Debug|x64
		{1188FC55-A973-4BD0-AF30-046A9A6C8E6F}.Debug|x86.ActiveCfg = Debug|x86
		{1188FC55-A973-4BD0-AF30-046A9A6C8E6F}.Debug|x86.Build.0 = Debug|x86
		{1188FC55-A973-4BD0-AF30-046A9A6C8E6F}.Release|ARM.ActiveCfg = Release|ARM
		{1188FC55-A973-4BD0-AF30-046A9A6C8E6F}.Release|ARM.Build.0 = Release|ARM
		{1188FC55-A973-4BD0-AF30-046A9A6C8E6F}.Release|ARM64.ActiveCfg = Release|ARM64
		{1188FC55-A973-4BD0-AF30-046A9A6C8E6F}.Release|ARM64.Build.0 = Release|ARM64
		{1188FC55-A973-4BD0-AF30-046A9A6C8E6F}.Release|x64.ActiveCfg = Release|x64
		{1188FC55-A973-4BD0-AF30-046A9A6C8E6F}.Release|x64.Build.0 = Release|x64
		{1188FC55-A973-4BD0-AF30-046A9A6C8E6F}.Release|x86.ActiveCfg = Release|x86
		{1188FC55-A973-4BD0-AF30-046A9A6C8E6F}.Release|x86.Build.0 = Release|x86
		{34ED316E-B329-4CCB-BC87-5F59935AC965}.Debug|ARM.ActiveCfg = Debug|ARM
		{34ED316E-B329-4CCB-BC87-5F59935AC965}.Debug|ARM.Build.0 = Debug|ARM
		{34ED316E-B329-4CCB-BC87-5F59935AC965}.Debug|ARM64.ActiveCfg = Debug|ARM64
		{34ED316E-B329-4CCB-BC87-5F59935AC965}.Debug|ARM64.Build.0 = Debug|ARM64
		{34ED316E-B329-4CCB-BC87-5F59935AC965}.Debug|x64.ActiveCfg = Debug|x64
		{34ED316E-B329-4CCB-BC87-5F59935AC965}.Debug|x64.Build.0 = Debug|x64
		{34ED316E-B329-4CCB-BC87-5F59935AC965}.Debug|x86.ActiveCfg = Debug|x86
		{34ED316E-B329-4CCB-BC87-5F59935AC965}.Debug|x86.Build.0 = Debug|x86
		{34ED316E-B329-4CCB-BC87-5F59935AC965}.Release|ARM.ActiveCfg = Release|ARM
		{34ED316E-B329-4CCB-BC87-5F59935AC965}.Release|ARM.Build.0 = Release|ARM
		{34ED316E-B329-4CCB-BC87-5F59935AC965}.Release|ARM64.ActiveCfg = Release|ARM64
		{34ED316E-B329-4CCB-BC87-5F59935AC965}.Release|ARM64.Build.0 = Release|ARM64
		{34ED316E-B329-4CCB-BC87-5F59935AC965}.Release|x64.ActiveCfg = Release|x64
		{34ED316E-B329-4CCB-BC87-5F59935AC965}.Release|x64.Build.0 = Release|x64
		{34ED316E-B329-4CCB-BC87-5F59935AC965}.Release|x86.ActiveCfg = Release|x86
		{34ED316E-B329-4CCB-BC87-5F59935AC965}.Release|x86.Build.0 = Release|x86
	EndGlobalSection
	GlobalSection(SolutionProperties) = preSolution
		HideSolutionNode = FALSE
	EndGlobalSection
	GlobalSection(NestedProjects) = preSolution
		{8C875214-ADAD-436B-ADC1-D787B2F6109C} = {38A5DD3D-9E4B-4BA3-A318-78C112D27150}
		{B37C515E-1A07-4CA0-973D-E76DB2818BAC} = {38A5DD3D-9E4B-4BA3-A318-78C112D27150}
		{E969045A-F4D4-496E-9037-60762958C48E} = {38A5DD3D-9E4B-4BA3-A318-78C112D27150}
		{9DE1D92D-F092-462E-B51F-4F052F9FFE23} = {E969045A-F4D4-496E-9037-60762958C48E}
		{1188FC55-A973-4BD0-AF30-046A9A6C8E6F} = {E969045A-F4D4-496E-9037-60762958C48E}
		{34ED316E-B329-4CCB-BC87-5F59935AC965} = {E969045A-F4D4-496E-9037-60762958C48E}
	EndGlobalSection
EndGlobal
